
Microsoft Visual Studio Solution File, Format Version 12.00
# Visual Studio 14
VisualStudioVersion = 14.0.25420.1
MinimumVisualStudioVersion = 10.0.40219.1
Project("{FAE04EC0-301F-11D3-BF4B-00C04F79EFBC}") = "TableHistorySchemaGenerator.App", "TableHistorySchemaGenerator.App\TableHistorySchemaGenerator.App.csproj", "{9E6619DC-4D17-4900-924C-C1A60A07E406}"
EndProject
Project("{FAE04EC0-301F-11D3-BF4B-00C04F79EFBC}") = "TableHistorySchemaGenerator.Core", "TableHistorySchemaGenerator.Core\TableHistorySchemaGenerator.Core.csproj", "{E31730B3-B19E-4FCF-A021-DED4D175A8BA}"
EndProject
Project("{FAE04EC0-301F-11D3-BF4B-00C04F79EFBC}") = "TableHistorySchemaGenerator.DacPack", "TableHistorySchemaGenerator.DacPack\TableHistorySchemaGenerator.DacPack.csproj", "{67EA58D7-4A62-4C03-8D79-A93F14B7747A}"
EndProject
Project("{FAE04EC0-301F-11D3-BF4B-00C04F79EFBC}") = "TableHistorySchemaGenerator.VSExtensions", "TableHistorySchemaGenerator.VSExtensions\TableHistorySchemaGenerator.VSExtensions.csproj", "{DC2C970D-EBDC-409E-BCBF-445752C4BA71}"
EndProject
Global
	GlobalSection(SolutionConfigurationPlatforms) = preSolution
		Debug|Any CPU = Debug|Any CPU
		Release|Any CPU = Release|Any CPU
	EndGlobalSection
	GlobalSection(ProjectConfigurationPlatforms) = postSolution
		{9E6619DC-4D17-4900-924C-C1A60A07E406}.Debug|Any CPU.ActiveCfg = Debug|Any CPU
		{9E6619DC-4D17-4900-924C-C1A60A07E406}.Debug|Any CPU.Build.0 = Debug|Any CPU
		{9E6619DC-4D17-4900-924C-C1A60A07E406}.Release|Any CPU.ActiveCfg = Release|Any CPU
		{9E6619DC-4D17-4900-924C-C1A60A07E406}.Release|Any CPU.Build.0 = Release|Any CPU
		{E31730B3-B19E-4FCF-A021-DED4D175A8BA}.Debug|Any CPU.ActiveCfg = Debug|Any CPU
		{E31730B3-B19E-4FCF-A021-DED4D175A8BA}.Debug|Any CPU.Build.0 = Debug|Any CPU
		{E31730B3-B19E-4FCF-A021-DED4D175A8BA}.Release|Any CPU.ActiveCfg = Release|Any CPU
		{E31730B3-B19E-4FCF-A021-DED4D175A8BA}.Release|Any CPU.Build.0 = Release|Any CPU
		{67EA58D7-4A62-4C03-8D79-A93F14B7747A}.Debug|Any CPU.ActiveCfg = Debug|Any CPU
		{67EA58D7-4A62-4C03-8D79-A93F14B7747A}.Debug|Any CPU.Build.0 = Debug|Any CPU
		{67EA58D7-4A62-4C03-8D79-A93F14B7747A}.Release|Any CPU.ActiveCfg = Release|Any CPU
		{67EA58D7-4A62-4C03-8D79-A93F14B7747A}.Release|Any CPU.Build.0 = Release|Any CPU
		{DC2C970D-EBDC-409E-BCBF-445752C4BA71}.Debug|Any CPU.ActiveCfg = Debug|Any CPU
		{DC2C970D-EBDC-409E-BCBF-445752C4BA71}.Debug|Any CPU.Build.0 = Debug|Any CPU
		{DC2C970D-EBDC-409E-BCBF-445752C4BA71}.Release|Any CPU.ActiveCfg = Release|Any CPU
		{DC2C970D-EBDC-409E-BCBF-445752C4BA71}.Release|Any CPU.Build.0 = Release|Any CPU
	EndGlobalSection
	GlobalSection(SolutionProperties) = preSolution
		HideSolutionNode = FALSE
	EndGlobalSection
EndGlobal
